{
  "version": 4,
  "terraform_version": "1.8.5",
  "serial": 43,
  "lineage": "c8d28fdc-6a66-f340-81ba-ee19b1c1a677",
  "outputs": {},
  "resources": [
    {
      "module": "module.docker_install",
      "mode": "managed",
      "type": "null_resource",
      "name": "ssh_target",
      "provider": "provider[\"registry.terraform.io/hashicorp/null\"]",
      "instances": [
        {
          "schema_version": 0,
          "attributes": {
            "id": "1109116924981371443",
            "triggers": null
          },
          "sensitive_attributes": []
        }
      ]
    },
    {
      "module": "module.docker_run",
      "mode": "managed",
      "type": "docker_image",
      "name": "nginx",
      "provider": "module.docker_run.provider[\"registry.terraform.io/kreuzwerker/docker\"]",
      "instances": [
        {
          "schema_version": 0,
          "attributes": {
            "build": [],
            "force_remove": null,
            "id": "sha256:dde0cca083bc75a0af14262b1469b5141284b4399a62fef923ec0c0e3b21f5bcnginx:latest",
            "image_id": "sha256:dde0cca083bc75a0af14262b1469b5141284b4399a62fef923ec0c0e3b21f5bc",
            "keep_locally": null,
            "latest": "sha256:dde0cca083bc75a0af14262b1469b5141284b4399a62fef923ec0c0e3b21f5bc",
            "name": "nginx:latest",
            "output": null,
            "platform": null,
            "pull_trigger": null,
            "pull_triggers": null,
            "repo_digest": "nginx@sha256:56b388b0d79c738f4cf51bbaf184a14fab19337f4819ceb2cae7d94100262de8",
            "triggers": null
          },
          "sensitive_attributes": [],
          "private": "bnVsbA=="
        }
      ]
    },
    {
      "module": "module.docker_run",
      "mode": "managed",
      "type": "docker_network",
      "name": "tim",
      "provider": "module.docker_run.provider[\"registry.terraform.io/kreuzwerker/docker\"]",
      "instances": [
        {
          "schema_version": 1,
          "attributes": {
            "attachable": false,
            "check_duplicate": null,
            "driver": "bridge",
            "id": "706a91f7511b085e5fd38e87910bd62c80a472de70a5a5be2bbbbb2270885449",
            "ingress": false,
            "internal": false,
            "ipam_config": [
              {
                "aux_address": {},
                "gateway": "",
                "ip_range": "",
                "subnet": "177.22.0.0/24"
              }
            ],
            "ipam_driver": "default",
            "ipam_options": {},
            "ipv6": false,
            "labels": [],
            "name": "mynet",
            "options": {},
            "scope": "local"
          },
          "sensitive_attributes": [],
          "private": "eyJzY2hlbWFfdmVyc2lvbiI6IjEifQ=="
        }
      ]
    },
    {
      "module": "module.docker_run",
      "mode": "managed",
      "type": "docker_volume",
      "name": "timkeyvol",
      "provider": "module.docker_run.provider[\"registry.terraform.io/kreuzwerker/docker\"]",
      "instances": [
        {
          "schema_version": 1,
          "attributes": {
            "driver": "local",
            "driver_opts": {
              "device": "/usr/data/",
              "o": "bind",
              "type": "none"
            },
            "id": "myvol2",
            "labels": [],
            "mountpoint": "/var/lib/docker/volumes/myvol2/_data",
            "name": "myvol2"
          },
          "sensitive_attributes": [],
          "private": "eyJzY2hlbWFfdmVyc2lvbiI6IjEifQ==",
          "dependencies": [
            "module.docker_run.null_resource.ssh_target"
          ]
        }
      ]
    },
    {
      "module": "module.docker_run",
      "mode": "managed",
      "type": "null_resource",
      "name": "ssh_target",
      "provider": "provider[\"registry.terraform.io/hashicorp/null\"]",
      "instances": [
        {
          "schema_version": 0,
          "attributes": {
            "id": "5231299053336184424",
            "triggers": null
          },
          "sensitive_attributes": []
        }
      ]
    }
  ],
  "check_results": null
}
