{
  "version": 4,
  "terraform_version": "1.8.5",
  "serial": 146,
  "lineage": "c8d28fdc-6a66-f340-81ba-ee19b1c1a677",
  "outputs": {
    "docker_ip_db": {
      "value": "172.18.0.2",
      "type": "string"
    },
    "docker_ip_wordpress": {
      "value": "172.18.0.3",
      "type": "string"
    },
    "docker_wordpress_volume": {
      "value": "/srv/wordpress/",
      "type": "string"
    }
  },
  "resources": [
    {
      "module": "module.docker_install",
      "mode": "managed",
      "type": "null_resource",
      "name": "ssh_target",
      "provider": "provider[\"registry.terraform.io/hashicorp/null\"]",
      "instances": [
        {
          "schema_version": 0,
          "attributes": {
            "id": "6134116727892877937",
            "triggers": {
              "force": "2024-06-23T11:27:44Z"
            }
          },
          "sensitive_attributes": []
        }
      ]
    },
    {
      "module": "module.docker_run",
      "mode": "data",
      "type": "docker_registry_image",
      "name": "dockerhub",
      "provider": "module.docker_run.provider[\"registry.terraform.io/kreuzwerker/docker\"]",
      "instances": [
        {
          "schema_version": 0,
          "attributes": {
            "id": "sha256:78410999ff139c44af012ebee21a66d628d6f9ace7a353d4c6420e0e4a3ec6d1",
            "insecure_skip_verify": false,
            "name": "tim053692/terfock:1.0",
            "sha256_digest": "sha256:78410999ff139c44af012ebee21a66d628d6f9ace7a353d4c6420e0e4a3ec6d1"
          },
          "sensitive_attributes": []
        }
      ]
    },
    {
      "module": "module.docker_run",
      "mode": "managed",
      "type": "docker_container",
      "name": "nginx",
      "provider": "module.docker_run.provider[\"registry.terraform.io/kreuzwerker/docker\"]",
      "instances": [
        {
          "schema_version": 2,
          "attributes": {
            "attach": false,
            "bridge": "",
            "capabilities": [],
            "cgroupns_mode": null,
            "command": [
              "nginx",
              "-g",
              "daemon off;"
            ],
            "container_logs": null,
            "container_read_refresh_timeout_milliseconds": 15000,
            "cpu_set": "",
            "cpu_shares": 0,
            "destroy_grace_seconds": null,
            "devices": [],
            "dns": null,
            "dns_opts": null,
            "dns_search": null,
            "domainname": "",
            "entrypoint": [
              "/docker-entrypoint.sh"
            ],
            "env": [],
            "exit_code": null,
            "gateway": "177.22.0.1",
            "gpus": null,
            "group_add": null,
            "healthcheck": null,
            "host": [],
            "hostname": "611b29932f3c",
            "id": "611b29932f3ca5f7d77ffc316b55113f56f29d91999acfe537c5e38cf44ac08f",
            "image": "sha256:dde0cca083bc75a0af14262b1469b5141284b4399a62fef923ec0c0e3b21f5bc",
            "init": false,
            "ip_address": "177.22.0.2",
            "ip_prefix_length": 24,
            "ipc_mode": "private",
            "labels": [],
            "links": null,
            "log_driver": "json-file",
            "log_opts": null,
            "logs": false,
            "max_retry_count": 0,
            "memory": 0,
            "memory_swap": 0,
            "mounts": [],
            "must_run": true,
            "name": "enginecks",
            "network_alias": null,
            "network_data": [
              {
                "gateway": "177.22.0.1",
                "global_ipv6_address": "",
                "global_ipv6_prefix_length": 0,
                "ip_address": "177.22.0.2",
                "ip_prefix_length": 24,
                "ipv6_gateway": "",
                "network_name": "mynet"
              }
            ],
            "network_mode": "bridge",
            "networks": null,
            "networks_advanced": [
              {
                "aliases": [],
                "ipv4_address": "",
                "ipv6_address": "",
                "name": "mynet"
              }
            ],
            "pid_mode": "",
            "ports": [
              {
                "external": 80,
                "internal": 80,
                "ip": "0.0.0.0",
                "protocol": "tcp"
              }
            ],
            "privileged": false,
            "publish_all_ports": false,
            "read_only": false,
            "remove_volumes": true,
            "restart": "no",
            "rm": false,
            "runtime": "runc",
            "security_opts": [],
            "shm_size": 64,
            "start": true,
            "stdin_open": false,
            "stop_signal": "SIGQUIT",
            "stop_timeout": 0,
            "storage_opts": null,
            "sysctls": null,
            "tmpfs": null,
            "tty": false,
            "ulimit": [],
            "upload": [],
            "user": "",
            "userns_mode": "",
            "volumes": [
              {
                "container_path": "/usr/share/nginx/html/",
                "from_container": "",
                "host_path": "",
                "read_only": null,
                "volume_name": "myvol2"
              }
            ],
            "wait": false,
            "wait_timeout": 60,
            "working_dir": ""
          },
          "sensitive_attributes": [],
          "private": "eyJzY2hlbWFfdmVyc2lvbiI6IjIifQ==",
          "dependencies": [
            "module.docker_run.docker_image.nginx",
            "module.docker_run.docker_network.tim",
            "module.docker_run.docker_volume.timkeyvol",
            "module.docker_run.null_resource.ssh_target"
          ]
        }
      ]
    },
    {
      "module": "module.docker_run",
      "mode": "managed",
      "type": "docker_image",
      "name": "nginx",
      "provider": "module.docker_run.provider[\"registry.terraform.io/kreuzwerker/docker\"]",
      "instances": [
        {
          "schema_version": 0,
          "attributes": {
            "build": [],
            "force_remove": null,
            "id": "sha256:dde0cca083bc75a0af14262b1469b5141284b4399a62fef923ec0c0e3b21f5bcnginx:latest",
            "image_id": "sha256:dde0cca083bc75a0af14262b1469b5141284b4399a62fef923ec0c0e3b21f5bc",
            "keep_locally": null,
            "latest": "sha256:dde0cca083bc75a0af14262b1469b5141284b4399a62fef923ec0c0e3b21f5bc",
            "name": "nginx:latest",
            "output": null,
            "platform": null,
            "pull_trigger": null,
            "pull_triggers": null,
            "repo_digest": "nginx@sha256:56b388b0d79c738f4cf51bbaf184a14fab19337f4819ceb2cae7d94100262de8",
            "triggers": null
          },
          "sensitive_attributes": [],
          "private": "bnVsbA=="
        }
      ]
    },
    {
      "module": "module.docker_run",
      "mode": "managed",
      "type": "docker_image",
      "name": "terfock",
      "provider": "module.docker_run.provider[\"registry.terraform.io/kreuzwerker/docker\"]",
      "instances": [
        {
          "schema_version": 0,
          "attributes": {
            "build": [],
            "force_remove": null,
            "id": "sha256:0923cb22388fa33be72557c65a1b96bdd561e632d350c8527297cedcd4281dd3tim053692/terfock:1.0",
            "image_id": "sha256:0923cb22388fa33be72557c65a1b96bdd561e632d350c8527297cedcd4281dd3",
            "keep_locally": null,
            "latest": "sha256:0923cb22388fa33be72557c65a1b96bdd561e632d350c8527297cedcd4281dd3",
            "name": "tim053692/terfock:1.0",
            "output": null,
            "platform": null,
            "pull_trigger": null,
            "pull_triggers": [
              "sha256:78410999ff139c44af012ebee21a66d628d6f9ace7a353d4c6420e0e4a3ec6d1"
            ],
            "repo_digest": "tim053692/terfock@sha256:78410999ff139c44af012ebee21a66d628d6f9ace7a353d4c6420e0e4a3ec6d1",
            "triggers": null
          },
          "sensitive_attributes": [],
          "private": "bnVsbA==",
          "dependencies": [
            "module.docker_run.data.docker_registry_image.dockerhub"
          ]
        }
      ]
    },
    {
      "module": "module.docker_run",
      "mode": "managed",
      "type": "docker_network",
      "name": "tim",
      "provider": "module.docker_run.provider[\"registry.terraform.io/kreuzwerker/docker\"]",
      "instances": [
        {
          "schema_version": 1,
          "attributes": {
            "attachable": false,
            "check_duplicate": null,
            "driver": "bridge",
            "id": "b6f031363b8a23f023aad5fd0d73907413ab401094302556f0386d2f390f4c2d",
            "ingress": false,
            "internal": false,
            "ipam_config": [
              {
                "aux_address": null,
                "gateway": "",
                "ip_range": "",
                "subnet": "177.22.0.0/24"
              }
            ],
            "ipam_driver": "default",
            "ipam_options": null,
            "ipv6": false,
            "labels": [],
            "name": "mynet",
            "options": {},
            "scope": "local"
          },
          "sensitive_attributes": [],
          "private": "eyJzY2hlbWFfdmVyc2lvbiI6IjEifQ=="
        }
      ]
    },
    {
      "module": "module.docker_run",
      "mode": "managed",
      "type": "docker_volume",
      "name": "timkeyvol",
      "provider": "module.docker_run.provider[\"registry.terraform.io/kreuzwerker/docker\"]",
      "instances": [
        {
          "schema_version": 1,
          "attributes": {
            "driver": "local",
            "driver_opts": {
              "device": "/srv/data/",
              "o": "bind",
              "type": "none"
            },
            "id": "myvol2",
            "labels": [],
            "mountpoint": "/var/lib/docker/volumes/myvol2/_data",
            "name": "myvol2"
          },
          "sensitive_attributes": [],
          "private": "eyJzY2hlbWFfdmVyc2lvbiI6IjEifQ==",
          "dependencies": [
            "module.docker_run.null_resource.ssh_target"
          ]
        }
      ]
    },
    {
      "module": "module.docker_run",
      "mode": "managed",
      "type": "null_resource",
      "name": "ssh_target",
      "provider": "provider[\"registry.terraform.io/hashicorp/null\"]",
      "instances": [
        {
          "schema_version": 0,
          "attributes": {
            "id": "5231299053336184424",
            "triggers": null
          },
          "sensitive_attributes": []
        }
      ]
    },
    {
      "module": "module.docker_wordpress",
      "mode": "data",
      "type": "docker_registry_image",
      "name": "mysql",
      "provider": "module.docker_wordpress.provider[\"registry.terraform.io/kreuzwerker/docker\"]",
      "instances": [
        {
          "schema_version": 0,
          "attributes": {
            "id": "sha256:4bc6bc963e6d8443453676cae56536f4b8156d78bae03c0145cbe47c2aad73bb",
            "insecure_skip_verify": false,
            "name": "mysql:5.7",
            "sha256_digest": "sha256:4bc6bc963e6d8443453676cae56536f4b8156d78bae03c0145cbe47c2aad73bb"
          },
          "sensitive_attributes": []
        }
      ]
    },
    {
      "module": "module.docker_wordpress",
      "mode": "data",
      "type": "docker_registry_image",
      "name": "wordpress",
      "provider": "module.docker_wordpress.provider[\"registry.terraform.io/kreuzwerker/docker\"]",
      "instances": [
        {
          "schema_version": 0,
          "attributes": {
            "id": "sha256:ed203a8f4ac1136558a4e14e4f920f11c1d7999658fb4c3610d425632d3010c5",
            "insecure_skip_verify": false,
            "name": "wordpress:latest",
            "sha256_digest": "sha256:ed203a8f4ac1136558a4e14e4f920f11c1d7999658fb4c3610d425632d3010c5"
          },
          "sensitive_attributes": []
        }
      ]
    },
    {
      "module": "module.docker_wordpress",
      "mode": "managed",
      "type": "docker_container",
      "name": "db",
      "provider": "module.docker_wordpress.provider[\"registry.terraform.io/kreuzwerker/docker\"]",
      "instances": [
        {
          "schema_version": 2,
          "attributes": {
            "attach": false,
            "bridge": "",
            "capabilities": [],
            "cgroupns_mode": null,
            "command": [
              "mysqld"
            ],
            "container_logs": null,
            "container_read_refresh_timeout_milliseconds": 15000,
            "cpu_set": "",
            "cpu_shares": 0,
            "destroy_grace_seconds": null,
            "devices": [],
            "dns": null,
            "dns_opts": null,
            "dns_search": null,
            "domainname": "",
            "entrypoint": [
              "docker-entrypoint.sh"
            ],
            "env": [
              "MYSQL_DATABASE=wordpress",
              "MYSQL_PASSWORD=wordpress",
              "MYSQL_ROOT_PASSWORD=wordpress",
              "MYSQL_USER=wordpress"
            ],
            "exit_code": null,
            "gateway": "172.18.0.1",
            "gpus": null,
            "group_add": null,
            "healthcheck": null,
            "host": [],
            "hostname": "bb36fead72b7",
            "id": "bb36fead72b7094a4346bf1f1e351c4a04eb3e055ede988bbf9ccaab448513a5",
            "image": "sha256:5107333e08a87b836d48ff7528b1e84b9c86781cc9f1748bbc1b8c42a870d933",
            "init": false,
            "ip_address": "172.18.0.2",
            "ip_prefix_length": 16,
            "ipc_mode": "private",
            "labels": [],
            "links": null,
            "log_driver": "json-file",
            "log_opts": null,
            "logs": false,
            "max_retry_count": 0,
            "memory": 0,
            "memory_swap": 0,
            "mounts": [],
            "must_run": true,
            "name": "db",
            "network_alias": null,
            "network_data": [
              {
                "gateway": "172.18.0.1",
                "global_ipv6_address": "",
                "global_ipv6_prefix_length": 0,
                "ip_address": "172.18.0.2",
                "ip_prefix_length": 16,
                "ipv6_gateway": "",
                "network_name": "wordpress_net"
              }
            ],
            "network_mode": "bridge",
            "networks": null,
            "networks_advanced": [
              {
                "aliases": [],
                "ipv4_address": "",
                "ipv6_address": "",
                "name": "wordpress_net"
              }
            ],
            "pid_mode": "",
            "ports": [],
            "privileged": false,
            "publish_all_ports": false,
            "read_only": false,
            "remove_volumes": true,
            "restart": "always",
            "rm": false,
            "runtime": "runc",
            "security_opts": [],
            "shm_size": 64,
            "start": true,
            "stdin_open": false,
            "stop_signal": "",
            "stop_timeout": 0,
            "storage_opts": null,
            "sysctls": null,
            "tmpfs": null,
            "tty": false,
            "ulimit": [],
            "upload": [],
            "user": "",
            "userns_mode": "",
            "volumes": [
              {
                "container_path": "/var/lib/mysql/",
                "from_container": "",
                "host_path": "",
                "read_only": null,
                "volume_name": "db_data"
              }
            ],
            "wait": false,
            "wait_timeout": 60,
            "working_dir": ""
          },
          "sensitive_attributes": [],
          "private": "eyJzY2hlbWFfdmVyc2lvbiI6IjIifQ==",
          "dependencies": [
            "module.docker_wordpress.data.docker_registry_image.mysql",
            "module.docker_wordpress.docker_image.mysql",
            "module.docker_wordpress.docker_network.wordpress",
            "module.docker_wordpress.docker_volume.db_data",
            "module.docker_wordpress.null_resource.ssh_target"
          ]
        }
      ]
    },
    {
      "module": "module.docker_wordpress",
      "mode": "managed",
      "type": "docker_image",
      "name": "mysql",
      "provider": "module.docker_wordpress.provider[\"registry.terraform.io/kreuzwerker/docker\"]",
      "instances": [
        {
          "schema_version": 0,
          "attributes": {
            "build": [],
            "force_remove": null,
            "id": "sha256:5107333e08a87b836d48ff7528b1e84b9c86781cc9f1748bbc1b8c42a870d933mysql:5.7",
            "image_id": "sha256:5107333e08a87b836d48ff7528b1e84b9c86781cc9f1748bbc1b8c42a870d933",
            "keep_locally": null,
            "latest": "sha256:5107333e08a87b836d48ff7528b1e84b9c86781cc9f1748bbc1b8c42a870d933",
            "name": "mysql:5.7",
            "output": null,
            "platform": null,
            "pull_trigger": null,
            "pull_triggers": [
              "sha256:4bc6bc963e6d8443453676cae56536f4b8156d78bae03c0145cbe47c2aad73bb"
            ],
            "repo_digest": "mysql@sha256:4bc6bc963e6d8443453676cae56536f4b8156d78bae03c0145cbe47c2aad73bb",
            "triggers": null
          },
          "sensitive_attributes": [],
          "private": "bnVsbA==",
          "dependencies": [
            "module.docker_wordpress.data.docker_registry_image.mysql"
          ]
        }
      ]
    },
    {
      "module": "module.docker_wordpress",
      "mode": "managed",
      "type": "docker_image",
      "name": "wordpress",
      "provider": "module.docker_wordpress.provider[\"registry.terraform.io/kreuzwerker/docker\"]",
      "instances": [
        {
          "schema_version": 0,
          "attributes": {
            "build": [],
            "force_remove": null,
            "id": "sha256:372ef0d81712bd1fbcaa3aff6a207409a26666bf5330c100f340d9d3a8cac6c7wordpress:latest",
            "image_id": "sha256:372ef0d81712bd1fbcaa3aff6a207409a26666bf5330c100f340d9d3a8cac6c7",
            "keep_locally": null,
            "latest": "sha256:372ef0d81712bd1fbcaa3aff6a207409a26666bf5330c100f340d9d3a8cac6c7",
            "name": "wordpress:latest",
            "output": null,
            "platform": null,
            "pull_trigger": null,
            "pull_triggers": [
              "sha256:ed203a8f4ac1136558a4e14e4f920f11c1d7999658fb4c3610d425632d3010c5"
            ],
            "repo_digest": "wordpress@sha256:ed203a8f4ac1136558a4e14e4f920f11c1d7999658fb4c3610d425632d3010c5",
            "triggers": null
          },
          "sensitive_attributes": [],
          "private": "bnVsbA==",
          "dependencies": [
            "module.docker_wordpress.data.docker_registry_image.wordpress"
          ]
        }
      ]
    },
    {
      "module": "module.docker_wordpress",
      "mode": "managed",
      "type": "docker_network",
      "name": "wordpress",
      "provider": "module.docker_wordpress.provider[\"registry.terraform.io/kreuzwerker/docker\"]",
      "instances": [
        {
          "schema_version": 1,
          "attributes": {
            "attachable": false,
            "check_duplicate": null,
            "driver": "bridge",
            "id": "f9d527e8c62e83959a7fad8a2e2e9fea49b169f3e420d0fd23d0e410db9acf72",
            "ingress": false,
            "internal": false,
            "ipam_config": [
              {
                "aux_address": {},
                "gateway": "172.18.0.1",
                "ip_range": "",
                "subnet": "172.18.0.0/16"
              }
            ],
            "ipam_driver": "default",
            "ipam_options": {},
            "ipv6": false,
            "labels": [],
            "name": "wordpress_net",
            "options": {},
            "scope": "local"
          },
          "sensitive_attributes": [],
          "private": "eyJzY2hlbWFfdmVyc2lvbiI6IjEifQ=="
        }
      ]
    },
    {
      "module": "module.docker_wordpress",
      "mode": "managed",
      "type": "docker_volume",
      "name": "db_data",
      "provider": "module.docker_wordpress.provider[\"registry.terraform.io/kreuzwerker/docker\"]",
      "instances": [
        {
          "schema_version": 1,
          "attributes": {
            "driver": "local",
            "driver_opts": {
              "device": "/srv/wordpress/",
              "o": "bind",
              "type": "none"
            },
            "id": "db_data",
            "labels": [],
            "mountpoint": "/var/lib/docker/volumes/db_data/_data",
            "name": "db_data"
          },
          "sensitive_attributes": [],
          "private": "eyJzY2hlbWFfdmVyc2lvbiI6IjEifQ==",
          "dependencies": [
            "module.docker_wordpress.null_resource.ssh_target"
          ]
        }
      ]
    },
    {
      "module": "module.docker_wordpress",
      "mode": "managed",
      "type": "null_resource",
      "name": "ssh_target",
      "provider": "provider[\"registry.terraform.io/hashicorp/null\"]",
      "instances": [
        {
          "schema_version": 0,
          "attributes": {
            "id": "5369762762327367941",
            "triggers": null
          },
          "sensitive_attributes": []
        }
      ]
    }
  ],
  "check_results": null
}
